
Microsoft Visual Studio Solution File, Format Version 12.00
# Visual Studio Version 17
VisualStudioVersion = 17.14.36414.22 d17.14
MinimumVisualStudioVersion = 10.0.40219.1
Project("{FAE04EC0-301F-11D3-BF4B-00C04F79EFBC}") = "API", "API\API.csproj", "{C3542C72-5FC6-4014-8EC2-392649191F60}"
EndProject
Global
	GlobalSection(SolutionConfigurationPlatforms) = preSolution
		Debug|Any CPU = Debug|Any CPU
		Release|Any CPU = Release|Any CPU
	EndGlobalSection
	GlobalSection(ProjectConfigurationPlatforms) = postSolution
		{C3542C72-5FC6-4014-8EC2-392649191F60}.Debug|Any CPU.ActiveCfg = Debug|Any CPU
		{C3542C72-5FC6-4014-8EC2-392649191F60}.Debug|Any CPU.Build.0 = Debug|Any CPU
		{C3542C72-5FC6-4014-8EC2-392649191F60}.Release|Any CPU.ActiveCfg = Release|Any CPU
		{C3542C72-5FC6-4014-8EC2-392649191F60}.Release|Any CPU.Build.0 = Release|Any CPU
	EndGlobalSection
	GlobalSection(SolutionProperties) = preSolution
		HideSolutionNode = FALSE
	EndGlobalSection
	GlobalSection(ExtensibilityGlobals) = postSolution
		SolutionGuid = {32C538BD-5A34-47A4-B91F-44F9244E7784}
	EndGlobalSection
EndGlobal
